
Microsoft Visual Studio Solution File, Format Version 12.00
# Visual Studio Version 17
VisualStudioVersion = 17.3.32819.101
MinimumVisualStudioVersion = 10.0.40219.1
Project("{8BC9CEB8-8B4A-11D0-8D11-00A0C91BC942}") = "Project2", "Project2.vcxproj", "{909FCD31-B291-4B92-A1A0-6A22277FF4DC}"
EndProject
Global
	GlobalSection(SolutionConfigurationPlatforms) = preSolution
		Debug|x64 = Debug|x64
		Debug|x86 = Debug|x86
		Release|x64 = Release|x64
		Release|x86 = Release|x86
	EndGlobalSection
	GlobalSection(ProjectConfigurationPlatforms) = postSolution
		{909FCD31-B291-4B92-A1A0-6A22277FF4DC}.Debug|x64.ActiveCfg = Debug|x64
		{909FCD31-B291-4B92-A1A0-6A22277FF4DC}.Debug|x64.Build.0 = Debug|x64
		{909FCD31-B291-4B92-A1A0-6A22277FF4DC}.Debug|x86.ActiveCfg = Debug|Win32
		{909FCD31-B291-4B92-A1A0-6A22277FF4DC}.Debug|x86.Build.0 = Debug|Win32
		{909FCD31-B291-4B92-A1A0-6A22277FF4DC}.Release|x64.ActiveCfg = Release|x64
		{909FCD31-B291-4B92-A1A0-6A22277FF4DC}.Release|x64.Build.0 = Release|x64
		{909FCD31-B291-4B92-A1A0-6A22277FF4DC}.Release|x86.ActiveCfg = Release|Win32
		{909FCD31-B291-4B92-A1A0-6A22277FF4DC}.Release|x86.Build.0 = Release|Win32
	EndGlobalSection
	GlobalSection(SolutionProperties) = preSolution
		HideSolutionNode = FALSE
	EndGlobalSection
	GlobalSection(ExtensibilityGlobals) = postSolution
		SolutionGuid = {69890E11-C3A2-483C-B0C4-89D4A6D37E78}
	EndGlobalSection
EndGlobal
