
Microsoft Visual Studio Solution File, Format Version 12.00
# Visual Studio Version 17
VisualStudioVersion = 17.3.32819.101
MinimumVisualStudioVersion = 10.0.40219.1
Project("{8BC9CEB8-8B4A-11D0-8D11-00A0C91BC942}") = "Chap02_Array", "Chap02_Array\Chap02_Array.vcxproj", "{1418717E-FE70-4AFF-8001-A5B6F8EB32AE}"
EndProject
Project("{8BC9CEB8-8B4A-11D0-8D11-00A0C91BC942}") = "Chap02_findMax", "Chap02_findMax\Chap02_findMax.vcxproj", "{87C7B492-9530-4BBB-AFCA-7132DD9630C4}"
EndProject
Global
	GlobalSection(SolutionConfigurationPlatforms) = preSolution
		Debug|x64 = Debug|x64
		Debug|x86 = Debug|x86
		Release|x64 = Release|x64
		Release|x86 = Release|x86
	EndGlobalSection
	GlobalSection(ProjectConfigurationPlatforms) = postSolution
		{1418717E-FE70-4AFF-8001-A5B6F8EB32AE}.Debug|x64.ActiveCfg = Debug|x64
		{1418717E-FE70-4AFF-8001-A5B6F8EB32AE}.Debug|x64.Build.0 = Debug|x64
		{1418717E-FE70-4AFF-8001-A5B6F8EB32AE}.Debug|x86.ActiveCfg = Debug|Win32
		{1418717E-FE70-4AFF-8001-A5B6F8EB32AE}.Debug|x86.Build.0 = Debug|Win32
		{1418717E-FE70-4AFF-8001-A5B6F8EB32AE}.Release|x64.ActiveCfg = Release|x64
		{1418717E-FE70-4AFF-8001-A5B6F8EB32AE}.Release|x64.Build.0 = Release|x64
		{1418717E-FE70-4AFF-8001-A5B6F8EB32AE}.Release|x86.ActiveCfg = Release|Win32
		{1418717E-FE70-4AFF-8001-A5B6F8EB32AE}.Release|x86.Build.0 = Release|Win32
		{87C7B492-9530-4BBB-AFCA-7132DD9630C4}.Debug|x64.ActiveCfg = Debug|x64
		{87C7B492-9530-4BBB-AFCA-7132DD9630C4}.Debug|x64.Build.0 = Debug|x64
		{87C7B492-9530-4BBB-AFCA-7132DD9630C4}.Debug|x86.ActiveCfg = Debug|Win32
		{87C7B492-9530-4BBB-AFCA-7132DD9630C4}.Debug|x86.Build.0 = Debug|Win32
		{87C7B492-9530-4BBB-AFCA-7132DD9630C4}.Release|x64.ActiveCfg = Release|x64
		{87C7B492-9530-4BBB-AFCA-7132DD9630C4}.Release|x64.Build.0 = Release|x64
		{87C7B492-9530-4BBB-AFCA-7132DD9630C4}.Release|x86.ActiveCfg = Release|Win32
		{87C7B492-9530-4BBB-AFCA-7132DD9630C4}.Release|x86.Build.0 = Release|Win32
	EndGlobalSection
	GlobalSection(SolutionProperties) = preSolution
		HideSolutionNode = FALSE
	EndGlobalSection
	GlobalSection(ExtensibilityGlobals) = postSolution
		SolutionGuid = {868FB0CC-A4E3-4002-A2D8-48E181F518E0}
	EndGlobalSection
EndGlobal
